Microsoft Visual Studio Solution File, Format Version 12.00
# Visual Studio Version 17
VisualStudioVersion = 17.8.0.0
MinimumVisualStudioVersion = 17.8.0.0
Project("{9A19103F-16F7-4668-BE54-9A1E7A4F7556}") = "aspire-pgadmin-bug.AppHost", "aspire-pgadmin-bug.AppHost\aspire-pgadmin-bug.AppHost.csproj", "{6BA61A1B-7AC1-44ED-B6E0-B10D04F2F6A5}"
EndProject
Project("{9A19103F-16F7-4668-BE54-9A1E7A4F7556}") = "aspire-pgadmin-bug.ServiceDefaults", "aspire-pgadmin-bug.ServiceDefaults\aspire-pgadmin-bug.ServiceDefaults.csproj", "{2AE8B4F0-2CF1-4FA5-BECE-9BA77B53E121}"
EndProject
Global
	GlobalSection(SolutionConfigurationPlatforms) = preSolution
		Debug|Any CPU = Debug|Any CPU
		Release|Any CPU = Release|Any CPU
	EndGlobalSection
	GlobalSection(ProjectConfigurationPlatforms) = postSolution
		{6BA61A1B-7AC1-44ED-B6E0-B10D04F2F6A5}.Debug|Any CPU.ActiveCfg = Debug|Any CPU
		{6BA61A1B-7AC1-44ED-B6E0-B10D04F2F6A5}.Debug|Any CPU.Build.0 = Debug|Any CPU
		{6BA61A1B-7AC1-44ED-B6E0-B10D04F2F6A5}.Release|Any CPU.ActiveCfg = Release|Any CPU
		{6BA61A1B-7AC1-44ED-B6E0-B10D04F2F6A5}.Release|Any CPU.Build.0 = Release|Any CPU
		{2AE8B4F0-2CF1-4FA5-BECE-9BA77B53E121}.Debug|Any CPU.ActiveCfg = Debug|Any CPU
		{2AE8B4F0-2CF1-4FA5-BECE-9BA77B53E121}.Debug|Any CPU.Build.0 = Debug|Any CPU
		{2AE8B4F0-2CF1-4FA5-BECE-9BA77B53E121}.Release|Any CPU.ActiveCfg = Release|Any CPU
		{2AE8B4F0-2CF1-4FA5-BECE-9BA77B53E121}.Release|Any CPU.Build.0 = Release|Any CPU
	EndGlobalSection
	GlobalSection(SolutionProperties) = preSolution
		HideSolutionNode = FALSE
	EndGlobalSection
	GlobalSection(ExtensibilityGlobals) = postSolution
		SolutionGuid = {055FDAA3-FFDD-4ABC-90E2-8B94010D2A2F}
	EndGlobalSection
EndGlobal
